
Microsoft Visual Studio Solution File, Format Version 12.00
# Visual Studio Version 17
VisualStudioVersion = 17.0.31423.177
MinimumVisualStudioVersion = 15.0.26124.0
Project("{9A19103F-16F7-4668-BE54-9A1E7A4F7556}") = "Http.API", "src\Http.API\Http.API.csproj", "{E8004D89-58FA-49E5-9D2A-3488B4E03193}"
EndProject
Project("{9A19103F-16F7-4668-BE54-9A1E7A4F7556}") = "Share", "src\Share\Share.csproj", "{9C440159-51A3-4AD9-8A27-D0731DA8B293}"
EndProject
Project("{FAE04EC0-301F-11D3-BF4B-00C04F79EFBC}") = "DevNews", "src\ClientApp\DevNews\DevNews.csproj", "{D780394C-081F-4CF7-9B06-8B71BD7765CA}"
EndProject
Project("{9A19103F-16F7-4668-BE54-9A1E7A4F7556}") = "CodeSnippet", "src\WebApp\CodeSnippet\CodeSnippet.csproj", "{52F09441-4231-4C49-BC9A-78209B3488EA}"
EndProject
Project("{2150E333-8FDC-42A3-9474-1A3956D46DE8}") = "test", "test", "{732A3A76-7A59-492B-9D68-9EC3EB78A9D1}"
EndProject
Project("{2150E333-8FDC-42A3-9474-1A3956D46DE8}") = "Deploy", "Deploy", "{F2F1C9D1-8D62-479A-8407-D13A46772A6C}"
	ProjectSection(SolutionItems) = preProject
		src\Microservice\DocAPI\Scripts\SyncNgRequest.ps1 = src\Microservice\DocAPI\Scripts\SyncNgRequest.ps1
	EndProjectSection
EndProject
Project("{2150E333-8FDC-42A3-9474-1A3956D46DE8}") = "DevPlatform", "DevPlatform", "{D503550D-124B-405F-9E42-67B71A70D25C}"
EndProject
Project("{2150E333-8FDC-42A3-9474-1A3956D46DE8}") = "ClientApp", "ClientApp", "{58451BF8-84A0-4181-8A9A-740C349F4D33}"
EndProject
Project("{2150E333-8FDC-42A3-9474-1A3956D46DE8}") = "WebApp", "WebApp", "{9042E558-9421-4C7F-BC64-60D790F2F76F}"
EndProject
Project("{2150E333-8FDC-42A3-9474-1A3956D46DE8}") = "Microservice", "Microservice", "{049F396A-CC55-4771-BE9A-98722CD68C0D}"
EndProject
Project("{9A19103F-16F7-4668-BE54-9A1E7A4F7556}") = "Core", "src\Core\Core.csproj", "{ED332A12-A0B6-4178-8B14-99BA38F8DE5A}"
EndProject
Project("{2150E333-8FDC-42A3-9474-1A3956D46DE8}") = "configs", "configs", "{33BACECC-6D93-40E6-9633-69DBED8B80F3}"
	ProjectSection(SolutionItems) = preProject
		.editorconfig = .editorconfig
		global.json = global.json
	EndProjectSection
EndProject
Project("{9A19103F-16F7-4668-BE54-9A1E7A4F7556}") = "Http.API.Test", "test\Http.API.Test\Http.API.Test.csproj", "{D2EC55AD-D7EF-4BA8-9F2D-23F1F13D255D}"
EndProject
Project("{9A19103F-16F7-4668-BE54-9A1E7A4F7556}") = "EntityFramework.Migrator", "src\Database\EntityFramework.Migrator\EntityFramework.Migrator.csproj", "{D1C0A723-C8F9-4D74-BDD7-08518AEA284E}"
EndProject
Project("{9A19103F-16F7-4668-BE54-9A1E7A4F7556}") = "Http.Application", "src\Http.Application\Http.Application.csproj", "{35B19319-1F42-4BCC-BF4E-94E82840E257}"
EndProject
Project("{2150E333-8FDC-42A3-9474-1A3956D46DE8}") = "Database", "Database", "{6194F331-3014-469F-A005-49722C9D729B}"
EndProject
Project("{9A19103F-16F7-4668-BE54-9A1E7A4F7556}") = "EntityFramework", "src\Database\EntityFramework\EntityFramework.csproj", "{08FA7A29-8AAF-4348-BBEA-70E26D299B72}"
EndProject
Project("{9A19103F-16F7-4668-BE54-9A1E7A4F7556}") = "Core.Test", "test\Core.Test\Core.Test.csproj", "{FF95E40C-2806-4525-A8BD-A6BEF17F4843}"
EndProject
Project("{9A19103F-16F7-4668-BE54-9A1E7A4F7556}") = "IdentityServer", "src\Microservice\IdentityServer\IdentityServer.csproj", "{B261FBC3-84F2-429B-B7EC-9262500C419C}"
EndProject
Project("{54A90642-561A-4BB1-A94E-469ADEE60C69}") = "Admin", "src\WebApp\Admin\Admin.esproj", "{021B34A9-BAEA-46B4-AA7F-FBFBA0763989}"
EndProject
Project("{9A19103F-16F7-4668-BE54-9A1E7A4F7556}") = "DocAPI", "src\Microservice\DocAPI\DocAPI.csproj", "{2F53DE03-921F-41AB-AD10-1326F7D7D066}"
EndProject
Project("{9A19103F-16F7-4668-BE54-9A1E7A4F7556}") = "Talkman", "src\Microservice\Talkman\Talkman.csproj", "{10F1A0C8-55DD-45BF-ACFE-9E001D48309C}"
EndProject
Project("{9A19103F-16F7-4668-BE54-9A1E7A4F7556}") = "DocAPI.Test", "test\DocAPI.Test\DocAPI.Test.csproj", "{27ABE521-6616-4814-9E29-67DA85799E49}"
EndProject
Global
	GlobalSection(SolutionConfigurationPlatforms) = preSolution
		Debug|Any CPU = Debug|Any CPU
		Debug|ARM = Debug|ARM
		Debug|arm64 = Debug|arm64
		Debug|x64 = Debug|x64
		Debug|x86 = Debug|x86
		Release|Any CPU = Release|Any CPU
		Release|ARM = Release|ARM
		Release|arm64 = Release|arm64
		Release|x64 = Release|x64
		Release|x86 = Release|x86
	EndGlobalSection
	GlobalSection(ProjectConfigurationPlatforms) = postSolution
		{E8004D89-58FA-49E5-9D2A-3488B4E03193}.Debug|Any CPU.ActiveCfg = Debug|Any CPU
		{E8004D89-58FA-49E5-9D2A-3488B4E03193}.Debug|Any CPU.Build.0 = Debug|Any CPU
		{E8004D89-58FA-49E5-9D2A-3488B4E03193}.Debug|ARM.ActiveCfg = Debug|Any CPU
		{E8004D89-58FA-49E5-9D2A-3488B4E03193}.Debug|ARM.Build.0 = Debug|Any CPU
		{E8004D89-58FA-49E5-9D2A-3488B4E03193}.Debug|arm64.ActiveCfg = Debug|Any CPU
		{E8004D89-58FA-49E5-9D2A-3488B4E03193}.Debug|arm64.Build.0 = Debug|Any CPU
		{E8004D89-58FA-49E5-9D2A-3488B4E03193}.Debug|x64.ActiveCfg = Debug|Any CPU
		{E8004D89-58FA-49E5-9D2A-3488B4E03193}.Debug|x64.Build.0 = Debug|Any CPU
		{E8004D89-58FA-49E5-9D2A-3488B4E03193}.Debug|x86.ActiveCfg = Debug|Any CPU
		{E8004D89-58FA-49E5-9D2A-3488B4E03193}.Debug|x86.Build.0 = Debug|Any CPU
		{E8004D89-58FA-49E5-9D2A-3488B4E03193}.Release|Any CPU.ActiveCfg = Release|Any CPU
		{E8004D89-58FA-49E5-9D2A-3488B4E03193}.Release|Any CPU.Build.0 = Release|Any CPU
		{E8004D89-58FA-49E5-9D2A-3488B4E03193}.Release|ARM.ActiveCfg = Release|Any CPU
		{E8004D89-58FA-49E5-9D2A-3488B4E03193}.Release|ARM.Build.0 = Release|Any CPU
		{E8004D89-58FA-49E5-9D2A-3488B4E03193}.Release|arm64.ActiveCfg = Release|Any CPU
		{E8004D89-58FA-49E5-9D2A-3488B4E03193}.Release|arm64.Build.0 = Release|Any CPU
		{E8004D89-58FA-49E5-9D2A-3488B4E03193}.Release|x64.ActiveCfg = Release|Any CPU
		{E8004D89-58FA-49E5-9D2A-3488B4E03193}.Release|x64.Build.0 = Release|Any CPU
		{E8004D89-58FA-49E5-9D2A-3488B4E03193}.Release|x86.ActiveCfg = Release|Any CPU
		{E8004D89-58FA-49E5-9D2A-3488B4E03193}.Release|x86.Build.0 = Release|Any CPU
		{9C440159-51A3-4AD9-8A27-D0731DA8B293}.Debug|Any CPU.ActiveCfg = Debug|Any CPU
		{9C440159-51A3-4AD9-8A27-D0731DA8B293}.Debug|Any CPU.Build.0 = Debug|Any CPU
		{9C440159-51A3-4AD9-8A27-D0731DA8B293}.Debug|ARM.ActiveCfg = Debug|Any CPU
		{9C440159-51A3-4AD9-8A27-D0731DA8B293}.Debug|ARM.Build.0 = Debug|Any CPU
		{9C440159-51A3-4AD9-8A27-D0731DA8B293}.Debug|arm64.ActiveCfg = Debug|Any CPU
		{9C440159-51A3-4AD9-8A27-D0731DA8B293}.Debug|arm64.Build.0 = Debug|Any CPU
		{9C440159-51A3-4AD9-8A27-D0731DA8B293}.Debug|x64.ActiveCfg = Debug|Any CPU
		{9C440159-51A3-4AD9-8A27-D0731DA8B293}.Debug|x64.Build.0 = Debug|Any CPU
		{9C440159-51A3-4AD9-8A27-D0731DA8B293}.Debug|x86.ActiveCfg = Debug|Any CPU
		{9C440159-51A3-4AD9-8A27-D0731DA8B293}.Debug|x86.Build.0 = Debug|Any CPU
		{9C440159-51A3-4AD9-8A27-D0731DA8B293}.Release|Any CPU.ActiveCfg = Release|Any CPU
		{9C440159-51A3-4AD9-8A27-D0731DA8B293}.Release|Any CPU.Build.0 = Release|Any CPU
		{9C440159-51A3-4AD9-8A27-D0731DA8B293}.Release|ARM.ActiveCfg = Release|Any CPU
		{9C440159-51A3-4AD9-8A27-D0731DA8B293}.Release|ARM.Build.0 = Release|Any CPU
		{9C440159-51A3-4AD9-8A27-D0731DA8B293}.Release|arm64.ActiveCfg = Release|Any CPU
		{9C440159-51A3-4AD9-8A27-D0731DA8B293}.Release|arm64.Build.0 = Release|Any CPU
		{9C440159-51A3-4AD9-8A27-D0731DA8B293}.Release|x64.ActiveCfg = Release|Any CPU
		{9C440159-51A3-4AD9-8A27-D0731DA8B293}.Release|x64.Build.0 = Release|Any CPU
		{9C440159-51A3-4AD9-8A27-D0731DA8B293}.Release|x86.ActiveCfg = Release|Any CPU
		{9C440159-51A3-4AD9-8A27-D0731DA8B293}.Release|x86.Build.0 = Release|Any CPU
		{D780394C-081F-4CF7-9B06-8B71BD7765CA}.Debug|Any CPU.ActiveCfg = Debug|x86
		{D780394C-081F-4CF7-9B06-8B71BD7765CA}.Debug|ARM.ActiveCfg = Debug|ARM
		{D780394C-081F-4CF7-9B06-8B71BD7765CA}.Debug|ARM.Build.0 = Debug|ARM
		{D780394C-081F-4CF7-9B06-8B71BD7765CA}.Debug|ARM.Deploy.0 = Debug|ARM
		{D780394C-081F-4CF7-9B06-8B71BD7765CA}.Debug|arm64.ActiveCfg = Debug|ARM64
		{D780394C-081F-4CF7-9B06-8B71BD7765CA}.Debug|arm64.Build.0 = Debug|ARM64
		{D780394C-081F-4CF7-9B06-8B71BD7765CA}.Debug|arm64.Deploy.0 = Debug|ARM64
		{D780394C-081F-4CF7-9B06-8B71BD7765CA}.Debug|x64.ActiveCfg = Debug|x64
		{D780394C-081F-4CF7-9B06-8B71BD7765CA}.Debug|x64.Build.0 = Debug|x64
		{D780394C-081F-4CF7-9B06-8B71BD7765CA}.Debug|x64.Deploy.0 = Debug|x64
		{D780394C-081F-4CF7-9B06-8B71BD7765CA}.Debug|x86.ActiveCfg = Debug|x86
		{D780394C-081F-4CF7-9B06-8B71BD7765CA}.Debug|x86.Build.0 = Debug|x86
		{D780394C-081F-4CF7-9B06-8B71BD7765CA}.Debug|x86.Deploy.0 = Debug|x86
		{D780394C-081F-4CF7-9B06-8B71BD7765CA}.Release|Any CPU.ActiveCfg = Release|x86
		{D780394C-081F-4CF7-9B06-8B71BD7765CA}.Release|ARM.ActiveCfg = Release|ARM
		{D780394C-081F-4CF7-9B06-8B71BD7765CA}.Release|ARM.Build.0 = Release|ARM
		{D780394C-081F-4CF7-9B06-8B71BD7765CA}.Release|ARM.Deploy.0 = Release|ARM
		{D780394C-081F-4CF7-9B06-8B71BD7765CA}.Release|arm64.ActiveCfg = Release|ARM64
		{D780394C-081F-4CF7-9B06-8B71BD7765CA}.Release|arm64.Build.0 = Release|ARM64
		{D780394C-081F-4CF7-9B06-8B71BD7765CA}.Release|arm64.Deploy.0 = Release|ARM64
		{D780394C-081F-4CF7-9B06-8B71BD7765CA}.Release|x64.ActiveCfg = Release|x64
		{D780394C-081F-4CF7-9B06-8B71BD7765CA}.Release|x64.Build.0 = Release|x64
		{D780394C-081F-4CF7-9B06-8B71BD7765CA}.Release|x64.Deploy.0 = Release|x64
		{D780394C-081F-4CF7-9B06-8B71BD7765CA}.Release|x86.ActiveCfg = Release|x86
		{D780394C-081F-4CF7-9B06-8B71BD7765CA}.Release|x86.Build.0 = Release|x86
		{D780394C-081F-4CF7-9B06-8B71BD7765CA}.Release|x86.Deploy.0 = Release|x86
		{52F09441-4231-4C49-BC9A-78209B3488EA}.Debug|Any CPU.ActiveCfg = Debug|Any CPU
		{52F09441-4231-4C49-BC9A-78209B3488EA}.Debug|Any CPU.Build.0 = Debug|Any CPU
		{52F09441-4231-4C49-BC9A-78209B3488EA}.Debug|ARM.ActiveCfg = Debug|Any CPU
		{52F09441-4231-4C49-BC9A-78209B3488EA}.Debug|ARM.Build.0 = Debug|Any CPU
		{52F09441-4231-4C49-BC9A-78209B3488EA}.Debug|arm64.ActiveCfg = Debug|Any CPU
		{52F09441-4231-4C49-BC9A-78209B3488EA}.Debug|arm64.Build.0 = Debug|Any CPU
		{52F09441-4231-4C49-BC9A-78209B3488EA}.Debug|x64.ActiveCfg = Debug|Any CPU
		{52F09441-4231-4C49-BC9A-78209B3488EA}.Debug|x64.Build.0 = Debug|Any CPU
		{52F09441-4231-4C49-BC9A-78209B3488EA}.Debug|x86.ActiveCfg = Debug|Any CPU
		{52F09441-4231-4C49-BC9A-78209B3488EA}.Debug|x86.Build.0 = Debug|Any CPU
		{52F09441-4231-4C49-BC9A-78209B3488EA}.Release|Any CPU.ActiveCfg = Release|Any CPU
		{52F09441-4231-4C49-BC9A-78209B3488EA}.Release|Any CPU.Build.0 = Release|Any CPU
		{52F09441-4231-4C49-BC9A-78209B3488EA}.Release|ARM.ActiveCfg = Release|Any CPU
		{52F09441-4231-4C49-BC9A-78209B3488EA}.Release|ARM.Build.0 = Release|Any CPU
		{52F09441-4231-4C49-BC9A-78209B3488EA}.Release|arm64.ActiveCfg = Release|Any CPU
		{52F09441-4231-4C49-BC9A-78209B3488EA}.Release|arm64.Build.0 = Release|Any CPU
		{52F09441-4231-4C49-BC9A-78209B3488EA}.Release|x64.ActiveCfg = Release|Any CPU
		{52F09441-4231-4C49-BC9A-78209B3488EA}.Release|x64.Build.0 = Release|Any CPU
		{52F09441-4231-4C49-BC9A-78209B3488EA}.Release|x86.ActiveCfg = Release|Any CPU
		{52F09441-4231-4C49-BC9A-78209B3488EA}.Release|x86.Build.0 = Release|Any CPU
		{ED332A12-A0B6-4178-8B14-99BA38F8DE5A}.Debug|Any CPU.ActiveCfg = Debug|Any CPU
		{ED332A12-A0B6-4178-8B14-99BA38F8DE5A}.Debug|Any CPU.Build.0 = Debug|Any CPU
		{ED332A12-A0B6-4178-8B14-99BA38F8DE5A}.Debug|ARM.ActiveCfg = Debug|Any CPU
		{ED332A12-A0B6-4178-8B14-99BA38F8DE5A}.Debug|ARM.Build.0 = Debug|Any CPU
		{ED332A12-A0B6-4178-8B14-99BA38F8DE5A}.Debug|arm64.ActiveCfg = Debug|Any CPU
		{ED332A12-A0B6-4178-8B14-99BA38F8DE5A}.Debug|arm64.Build.0 = Debug|Any CPU
		{ED332A12-A0B6-4178-8B14-99BA38F8DE5A}.Debug|x64.ActiveCfg = Debug|Any CPU
		{ED332A12-A0B6-4178-8B14-99BA38F8DE5A}.Debug|x64.Build.0 = Debug|Any CPU
		{ED332A12-A0B6-4178-8B14-99BA38F8DE5A}.Debug|x86.ActiveCfg = Debug|Any CPU
		{ED332A12-A0B6-4178-8B14-99BA38F8DE5A}.Debug|x86.Build.0 = Debug|Any CPU
		{ED332A12-A0B6-4178-8B14-99BA38F8DE5A}.Release|Any CPU.ActiveCfg = Release|Any CPU
		{ED332A12-A0B6-4178-8B14-99BA38F8DE5A}.Release|Any CPU.Build.0 = Release|Any CPU
		{ED332A12-A0B6-4178-8B14-99BA38F8DE5A}.Release|ARM.ActiveCfg = Release|Any CPU
		{ED332A12-A0B6-4178-8B14-99BA38F8DE5A}.Release|ARM.Build.0 = Release|Any CPU
		{ED332A12-A0B6-4178-8B14-99BA38F8DE5A}.Release|arm64.ActiveCfg = Release|Any CPU
		{ED332A12-A0B6-4178-8B14-99BA38F8DE5A}.Release|arm64.Build.0 = Release|Any CPU
		{ED332A12-A0B6-4178-8B14-99BA38F8DE5A}.Release|x64.ActiveCfg = Release|Any CPU
		{ED332A12-A0B6-4178-8B14-99BA38F8DE5A}.Release|x64.Build.0 = Release|Any CPU
		{ED332A12-A0B6-4178-8B14-99BA38F8DE5A}.Release|x86.ActiveCfg = Release|Any CPU
		{ED332A12-A0B6-4178-8B14-99BA38F8DE5A}.Release|x86.Build.0 = Release|Any CPU
		{D2EC55AD-D7EF-4BA8-9F2D-23F1F13D255D}.Debug|Any CPU.ActiveCfg = Debug|Any CPU
		{D2EC55AD-D7EF-4BA8-9F2D-23F1F13D255D}.Debug|Any CPU.Build.0 = Debug|Any CPU
		{D2EC55AD-D7EF-4BA8-9F2D-23F1F13D255D}.Debug|ARM.ActiveCfg = Debug|Any CPU
		{D2EC55AD-D7EF-4BA8-9F2D-23F1F13D255D}.Debug|ARM.Build.0 = Debug|Any CPU
		{D2EC55AD-D7EF-4BA8-9F2D-23F1F13D255D}.Debug|arm64.ActiveCfg = Debug|Any CPU
		{D2EC55AD-D7EF-4BA8-9F2D-23F1F13D255D}.Debug|arm64.Build.0 = Debug|Any CPU
		{D2EC55AD-D7EF-4BA8-9F2D-23F1F13D255D}.Debug|x64.ActiveCfg = Debug|Any CPU
		{D2EC55AD-D7EF-4BA8-9F2D-23F1F13D255D}.Debug|x64.Build.0 = Debug|Any CPU
		{D2EC55AD-D7EF-4BA8-9F2D-23F1F13D255D}.Debug|x86.ActiveCfg = Debug|Any CPU
		{D2EC55AD-D7EF-4BA8-9F2D-23F1F13D255D}.Debug|x86.Build.0 = Debug|Any CPU
		{D2EC55AD-D7EF-4BA8-9F2D-23F1F13D255D}.Release|Any CPU.ActiveCfg = Release|Any CPU
		{D2EC55AD-D7EF-4BA8-9F2D-23F1F13D255D}.Release|Any CPU.Build.0 = Release|Any CPU
		{D2EC55AD-D7EF-4BA8-9F2D-23F1F13D255D}.Release|ARM.ActiveCfg = Release|Any CPU
		{D2EC55AD-D7EF-4BA8-9F2D-23F1F13D255D}.Release|ARM.Build.0 = Release|Any CPU
		{D2EC55AD-D7EF-4BA8-9F2D-23F1F13D255D}.Release|arm64.ActiveCfg = Release|Any CPU
		{D2EC55AD-D7EF-4BA8-9F2D-23F1F13D255D}.Release|arm64.Build.0 = Release|Any CPU
		{D2EC55AD-D7EF-4BA8-9F2D-23F1F13D255D}.Release|x64.ActiveCfg = Release|Any CPU
		{D2EC55AD-D7EF-4BA8-9F2D-23F1F13D255D}.Release|x64.Build.0 = Release|Any CPU
		{D2EC55AD-D7EF-4BA8-9F2D-23F1F13D255D}.Release|x86.ActiveCfg = Release|Any CPU
		{D2EC55AD-D7EF-4BA8-9F2D-23F1F13D255D}.Release|x86.Build.0 = Release|Any CPU
		{D1C0A723-C8F9-4D74-BDD7-08518AEA284E}.Debug|Any CPU.ActiveCfg = Debug|Any CPU
		{D1C0A723-C8F9-4D74-BDD7-08518AEA284E}.Debug|Any CPU.Build.0 = Debug|Any CPU
		{D1C0A723-C8F9-4D74-BDD7-08518AEA284E}.Debug|ARM.ActiveCfg = Debug|Any CPU
		{D1C0A723-C8F9-4D74-BDD7-08518AEA284E}.Debug|ARM.Build.0 = Debug|Any CPU
		{D1C0A723-C8F9-4D74-BDD7-08518AEA284E}.Debug|arm64.ActiveCfg = Debug|Any CPU
		{D1C0A723-C8F9-4D74-BDD7-08518AEA284E}.Debug|arm64.Build.0 = Debug|Any CPU
		{D1C0A723-C8F9-4D74-BDD7-08518AEA284E}.Debug|x64.ActiveCfg = Debug|Any CPU
		{D1C0A723-C8F9-4D74-BDD7-08518AEA284E}.Debug|x64.Build.0 = Debug|Any CPU
		{D1C0A723-C8F9-4D74-BDD7-08518AEA284E}.Debug|x86.ActiveCfg = Debug|Any CPU
		{D1C0A723-C8F9-4D74-BDD7-08518AEA284E}.Debug|x86.Build.0 = Debug|Any CPU
		{D1C0A723-C8F9-4D74-BDD7-08518AEA284E}.Release|Any CPU.ActiveCfg = Release|Any CPU
		{D1C0A723-C8F9-4D74-BDD7-08518AEA284E}.Release|Any CPU.Build.0 = Release|Any CPU
		{D1C0A723-C8F9-4D74-BDD7-08518AEA284E}.Release|ARM.ActiveCfg = Release|Any CPU
		{D1C0A723-C8F9-4D74-BDD7-08518AEA284E}.Release|ARM.Build.0 = Release|Any CPU
		{D1C0A723-C8F9-4D74-BDD7-08518AEA284E}.Release|arm64.ActiveCfg = Release|Any CPU
		{D1C0A723-C8F9-4D74-BDD7-08518AEA284E}.Release|arm64.Build.0 = Release|Any CPU
		{D1C0A723-C8F9-4D74-BDD7-08518AEA284E}.Release|x64.ActiveCfg = Release|Any CPU
		{D1C0A723-C8F9-4D74-BDD7-08518AEA284E}.Release|x64.Build.0 = Release|Any CPU
		{D1C0A723-C8F9-4D74-BDD7-08518AEA284E}.Release|x86.ActiveCfg = Release|Any CPU
		{D1C0A723-C8F9-4D74-BDD7-08518AEA284E}.Release|x86.Build.0 = Release|Any CPU
		{35B19319-1F42-4BCC-BF4E-94E82840E257}.Debug|Any CPU.ActiveCfg = Debug|Any CPU
		{35B19319-1F42-4BCC-BF4E-94E82840E257}.Debug|Any CPU.Build.0 = Debug|Any CPU
		{35B19319-1F42-4BCC-BF4E-94E82840E257}.Debug|ARM.ActiveCfg = Debug|Any CPU
		{35B19319-1F42-4BCC-BF4E-94E82840E257}.Debug|ARM.Build.0 = Debug|Any CPU
		{35B19319-1F42-4BCC-BF4E-94E82840E257}.Debug|arm64.ActiveCfg = Debug|Any CPU
		{35B19319-1F42-4BCC-BF4E-94E82840E257}.Debug|arm64.Build.0 = Debug|Any CPU
		{35B19319-1F42-4BCC-BF4E-94E82840E257}.Debug|x64.ActiveCfg = Debug|Any CPU
		{35B19319-1F42-4BCC-BF4E-94E82840E257}.Debug|x64.Build.0 = Debug|Any CPU
		{35B19319-1F42-4BCC-BF4E-94E82840E257}.Debug|x86.ActiveCfg = Debug|Any CPU
		{35B19319-1F42-4BCC-BF4E-94E82840E257}.Debug|x86.Build.0 = Debug|Any CPU
		{35B19319-1F42-4BCC-BF4E-94E82840E257}.Release|Any CPU.ActiveCfg = Release|Any CPU
		{35B19319-1F42-4BCC-BF4E-94E82840E257}.Release|Any CPU.Build.0 = Release|Any CPU
		{35B19319-1F42-4BCC-BF4E-94E82840E257}.Release|ARM.ActiveCfg = Release|Any CPU
		{35B19319-1F42-4BCC-BF4E-94E82840E257}.Release|ARM.Build.0 = Release|Any CPU
		{35B19319-1F42-4BCC-BF4E-94E82840E257}.Release|arm64.ActiveCfg = Release|Any CPU
		{35B19319-1F42-4BCC-BF4E-94E82840E257}.Release|arm64.Build.0 = Release|Any CPU
		{35B19319-1F42-4BCC-BF4E-94E82840E257}.Release|x64.ActiveCfg = Release|Any CPU
		{35B19319-1F42-4BCC-BF4E-94E82840E257}.Release|x64.Build.0 = Release|Any CPU
		{35B19319-1F42-4BCC-BF4E-94E82840E257}.Release|x86.ActiveCfg = Release|Any CPU
		{35B19319-1F42-4BCC-BF4E-94E82840E257}.Release|x86.Build.0 = Release|Any CPU
		{08FA7A29-8AAF-4348-BBEA-70E26D299B72}.Debug|Any CPU.ActiveCfg = Debug|Any CPU
		{08FA7A29-8AAF-4348-BBEA-70E26D299B72}.Debug|Any CPU.Build.0 = Debug|Any CPU
		{08FA7A29-8AAF-4348-BBEA-70E26D299B72}.Debug|ARM.ActiveCfg = Debug|Any CPU
		{08FA7A29-8AAF-4348-BBEA-70E26D299B72}.Debug|ARM.Build.0 = Debug|Any CPU
		{08FA7A29-8AAF-4348-BBEA-70E26D299B72}.Debug|arm64.ActiveCfg = Debug|Any CPU
		{08FA7A29-8AAF-4348-BBEA-70E26D299B72}.Debug|arm64.Build.0 = Debug|Any CPU
		{08FA7A29-8AAF-4348-BBEA-70E26D299B72}.Debug|x64.ActiveCfg = Debug|Any CPU
		{08FA7A29-8AAF-4348-BBEA-70E26D299B72}.Debug|x64.Build.0 = Debug|Any CPU
		{08FA7A29-8AAF-4348-BBEA-70E26D299B72}.Debug|x86.ActiveCfg = Debug|Any CPU
		{08FA7A29-8AAF-4348-BBEA-70E26D299B72}.Debug|x86.Build.0 = Debug|Any CPU
		{08FA7A29-8AAF-4348-BBEA-70E26D299B72}.Release|Any CPU.ActiveCfg = Release|Any CPU
		{08FA7A29-8AAF-4348-BBEA-70E26D299B72}.Release|Any CPU.Build.0 = Release|Any CPU
		{08FA7A29-8AAF-4348-BBEA-70E26D299B72}.Release|ARM.ActiveCfg = Release|Any CPU
		{08FA7A29-8AAF-4348-BBEA-70E26D299B72}.Release|ARM.Build.0 = Release|Any CPU
		{08FA7A29-8AAF-4348-BBEA-70E26D299B72}.Release|arm64.ActiveCfg = Release|Any CPU
		{08FA7A29-8AAF-4348-BBEA-70E26D299B72}.Release|arm64.Build.0 = Release|Any CPU
		{08FA7A29-8AAF-4348-BBEA-70E26D299B72}.Release|x64.ActiveCfg = Release|Any CPU
		{08FA7A29-8AAF-4348-BBEA-70E26D299B72}.Release|x64.Build.0 = Release|Any CPU
		{08FA7A29-8AAF-4348-BBEA-70E26D299B72}.Release|x86.ActiveCfg = Release|Any CPU
		{08FA7A29-8AAF-4348-BBEA-70E26D299B72}.Release|x86.Build.0 = Release|Any CPU
		{FF95E40C-2806-4525-A8BD-A6BEF17F4843}.Debug|Any CPU.ActiveCfg = Debug|Any CPU
		{FF95E40C-2806-4525-A8BD-A6BEF17F4843}.Debug|Any CPU.Build.0 = Debug|Any CPU
		{FF95E40C-2806-4525-A8BD-A6BEF17F4843}.Debug|ARM.ActiveCfg = Debug|Any CPU
		{FF95E40C-2806-4525-A8BD-A6BEF17F4843}.Debug|ARM.Build.0 = Debug|Any CPU
		{FF95E40C-2806-4525-A8BD-A6BEF17F4843}.Debug|arm64.ActiveCfg = Debug|Any CPU
		{FF95E40C-2806-4525-A8BD-A6BEF17F4843}.Debug|arm64.Build.0 = Debug|Any CPU
		{FF95E40C-2806-4525-A8BD-A6BEF17F4843}.Debug|x64.ActiveCfg = Debug|Any CPU
		{FF95E40C-2806-4525-A8BD-A6BEF17F4843}.Debug|x64.Build.0 = Debug|Any CPU
		{FF95E40C-2806-4525-A8BD-A6BEF17F4843}.Debug|x86.ActiveCfg = Debug|Any CPU
		{FF95E40C-2806-4525-A8BD-A6BEF17F4843}.Debug|x86.Build.0 = Debug|Any CPU
		{FF95E40C-2806-4525-A8BD-A6BEF17F4843}.Release|Any CPU.ActiveCfg = Release|Any CPU
		{FF95E40C-2806-4525-A8BD-A6BEF17F4843}.Release|Any CPU.Build.0 = Release|Any CPU
		{FF95E40C-2806-4525-A8BD-A6BEF17F4843}.Release|ARM.ActiveCfg = Release|Any CPU
		{FF95E40C-2806-4525-A8BD-A6BEF17F4843}.Release|ARM.Build.0 = Release|Any CPU
		{FF95E40C-2806-4525-A8BD-A6BEF17F4843}.Release|arm64.ActiveCfg = Release|Any CPU
		{FF95E40C-2806-4525-A8BD-A6BEF17F4843}.Release|arm64.Build.0 = Release|Any CPU
		{FF95E40C-2806-4525-A8BD-A6BEF17F4843}.Release|x64.ActiveCfg = Release|Any CPU
		{FF95E40C-2806-4525-A8BD-A6BEF17F4843}.Release|x64.Build.0 = Release|Any CPU
		{FF95E40C-2806-4525-A8BD-A6BEF17F4843}.Release|x86.ActiveCfg = Release|Any CPU
		{FF95E40C-2806-4525-A8BD-A6BEF17F4843}.Release|x86.Build.0 = Release|Any CPU
		{B261FBC3-84F2-429B-B7EC-9262500C419C}.Debug|Any CPU.ActiveCfg = Debug|Any CPU
		{B261FBC3-84F2-429B-B7EC-9262500C419C}.Debug|Any CPU.Build.0 = Debug|Any CPU
		{B261FBC3-84F2-429B-B7EC-9262500C419C}.Debug|ARM.ActiveCfg = Debug|Any CPU
		{B261FBC3-84F2-429B-B7EC-9262500C419C}.Debug|ARM.Build.0 = Debug|Any CPU
		{B261FBC3-84F2-429B-B7EC-9262500C419C}.Debug|arm64.ActiveCfg = Debug|Any CPU
		{B261FBC3-84F2-429B-B7EC-9262500C419C}.Debug|arm64.Build.0 = Debug|Any CPU
		{B261FBC3-84F2-429B-B7EC-9262500C419C}.Debug|x64.ActiveCfg = Debug|Any CPU
		{B261FBC3-84F2-429B-B7EC-9262500C419C}.Debug|x64.Build.0 = Debug|Any CPU
		{B261FBC3-84F2-429B-B7EC-9262500C419C}.Debug|x86.ActiveCfg = Debug|Any CPU
		{B261FBC3-84F2-429B-B7EC-9262500C419C}.Debug|x86.Build.0 = Debug|Any CPU
		{B261FBC3-84F2-429B-B7EC-9262500C419C}.Release|Any CPU.ActiveCfg = Release|Any CPU
		{B261FBC3-84F2-429B-B7EC-9262500C419C}.Release|Any CPU.Build.0 = Release|Any CPU
		{B261FBC3-84F2-429B-B7EC-9262500C419C}.Release|ARM.ActiveCfg = Release|Any CPU
		{B261FBC3-84F2-429B-B7EC-9262500C419C}.Release|ARM.Build.0 = Release|Any CPU
		{B261FBC3-84F2-429B-B7EC-9262500C419C}.Release|arm64.ActiveCfg = Release|Any CPU
		{B261FBC3-84F2-429B-B7EC-9262500C419C}.Release|arm64.Build.0 = Release|Any CPU
		{B261FBC3-84F2-429B-B7EC-9262500C419C}.Release|x64.ActiveCfg = Release|Any CPU
		{B261FBC3-84F2-429B-B7EC-9262500C419C}.Release|x64.Build.0 = Release|Any CPU
		{B261FBC3-84F2-429B-B7EC-9262500C419C}.Release|x86.ActiveCfg = Release|Any CPU
		{B261FBC3-84F2-429B-B7EC-9262500C419C}.Release|x86.Build.0 = Release|Any CPU
		{021B34A9-BAEA-46B4-AA7F-FBFBA0763989}.Debug|Any CPU.ActiveCfg = Debug|Any CPU
		{021B34A9-BAEA-46B4-AA7F-FBFBA0763989}.Debug|Any CPU.Build.0 = Debug|Any CPU
		{021B34A9-BAEA-46B4-AA7F-FBFBA0763989}.Debug|Any CPU.Deploy.0 = Debug|Any CPU
		{021B34A9-BAEA-46B4-AA7F-FBFBA0763989}.Debug|ARM.ActiveCfg = Debug|Any CPU
		{021B34A9-BAEA-46B4-AA7F-FBFBA0763989}.Debug|ARM.Build.0 = Debug|Any CPU
		{021B34A9-BAEA-46B4-AA7F-FBFBA0763989}.Debug|ARM.Deploy.0 = Debug|Any CPU
		{021B34A9-BAEA-46B4-AA7F-FBFBA0763989}.Debug|arm64.ActiveCfg = Debug|Any CPU
		{021B34A9-BAEA-46B4-AA7F-FBFBA0763989}.Debug|arm64.Build.0 = Debug|Any CPU
		{021B34A9-BAEA-46B4-AA7F-FBFBA0763989}.Debug|arm64.Deploy.0 = Debug|Any CPU
		{021B34A9-BAEA-46B4-AA7F-FBFBA0763989}.Debug|x64.ActiveCfg = Debug|Any CPU
		{021B34A9-BAEA-46B4-AA7F-FBFBA0763989}.Debug|x64.Build.0 = Debug|Any CPU
		{021B34A9-BAEA-46B4-AA7F-FBFBA0763989}.Debug|x64.Deploy.0 = Debug|Any CPU
		{021B34A9-BAEA-46B4-AA7F-FBFBA0763989}.Debug|x86.ActiveCfg = Debug|Any CPU
		{021B34A9-BAEA-46B4-AA7F-FBFBA0763989}.Debug|x86.Build.0 = Debug|Any CPU
		{021B34A9-BAEA-46B4-AA7F-FBFBA0763989}.Debug|x86.Deploy.0 = Debug|Any CPU
		{021B34A9-BAEA-46B4-AA7F-FBFBA0763989}.Release|Any CPU.ActiveCfg = Release|Any CPU
		{021B34A9-BAEA-46B4-AA7F-FBFBA0763989}.Release|Any CPU.Build.0 = Release|Any CPU
		{021B34A9-BAEA-46B4-AA7F-FBFBA0763989}.Release|Any CPU.Deploy.0 = Release|Any CPU
		{021B34A9-BAEA-46B4-AA7F-FBFBA0763989}.Release|ARM.ActiveCfg = Release|Any CPU
		{021B34A9-BAEA-46B4-AA7F-FBFBA0763989}.Release|ARM.Build.0 = Release|Any CPU
		{021B34A9-BAEA-46B4-AA7F-FBFBA0763989}.Release|ARM.Deploy.0 = Release|Any CPU
		{021B34A9-BAEA-46B4-AA7F-FBFBA0763989}.Release|arm64.ActiveCfg = Release|Any CPU
		{021B34A9-BAEA-46B4-AA7F-FBFBA0763989}.Release|arm64.Build.0 = Release|Any CPU
		{021B34A9-BAEA-46B4-AA7F-FBFBA0763989}.Release|arm64.Deploy.0 = Release|Any CPU
		{021B34A9-BAEA-46B4-AA7F-FBFBA0763989}.Release|x64.ActiveCfg = Release|Any CPU
		{021B34A9-BAEA-46B4-AA7F-FBFBA0763989}.Release|x64.Build.0 = Release|Any CPU
		{021B34A9-BAEA-46B4-AA7F-FBFBA0763989}.Release|x64.Deploy.0 = Release|Any CPU
		{021B34A9-BAEA-46B4-AA7F-FBFBA0763989}.Release|x86.ActiveCfg = Release|Any CPU
		{021B34A9-BAEA-46B4-AA7F-FBFBA0763989}.Release|x86.Build.0 = Release|Any CPU
		{021B34A9-BAEA-46B4-AA7F-FBFBA0763989}.Release|x86.Deploy.0 = Release|Any CPU
		{2F53DE03-921F-41AB-AD10-1326F7D7D066}.Debug|Any CPU.ActiveCfg = Debug|Any CPU
		{2F53DE03-921F-41AB-AD10-1326F7D7D066}.Debug|Any CPU.Build.0 = Debug|Any CPU
		{2F53DE03-921F-41AB-AD10-1326F7D7D066}.Debug|ARM.ActiveCfg = Debug|Any CPU
		{2F53DE03-921F-41AB-AD10-1326F7D7D066}.Debug|ARM.Build.0 = Debug|Any CPU
		{2F53DE03-921F-41AB-AD10-1326F7D7D066}.Debug|arm64.ActiveCfg = Debug|Any CPU
		{2F53DE03-921F-41AB-AD10-1326F7D7D066}.Debug|arm64.Build.0 = Debug|Any CPU
		{2F53DE03-921F-41AB-AD10-1326F7D7D066}.Debug|x64.ActiveCfg = Debug|Any CPU
		{2F53DE03-921F-41AB-AD10-1326F7D7D066}.Debug|x64.Build.0 = Debug|Any CPU
		{2F53DE03-921F-41AB-AD10-1326F7D7D066}.Debug|x86.ActiveCfg = Debug|Any CPU
		{2F53DE03-921F-41AB-AD10-1326F7D7D066}.Debug|x86.Build.0 = Debug|Any CPU
		{2F53DE03-921F-41AB-AD10-1326F7D7D066}.Release|Any CPU.ActiveCfg = Release|Any CPU
		{2F53DE03-921F-41AB-AD10-1326F7D7D066}.Release|Any CPU.Build.0 = Release|Any CPU
		{2F53DE03-921F-41AB-AD10-1326F7D7D066}.Release|ARM.ActiveCfg = Release|Any CPU
		{2F53DE03-921F-41AB-AD10-1326F7D7D066}.Release|ARM.Build.0 = Release|Any CPU
		{2F53DE03-921F-41AB-AD10-1326F7D7D066}.Release|arm64.ActiveCfg = Release|Any CPU
		{2F53DE03-921F-41AB-AD10-1326F7D7D066}.Release|arm64.Build.0 = Release|Any CPU
		{2F53DE03-921F-41AB-AD10-1326F7D7D066}.Release|x64.ActiveCfg = Release|Any CPU
		{2F53DE03-921F-41AB-AD10-1326F7D7D066}.Release|x64.Build.0 = Release|Any CPU
		{2F53DE03-921F-41AB-AD10-1326F7D7D066}.Release|x86.ActiveCfg = Release|Any CPU
		{2F53DE03-921F-41AB-AD10-1326F7D7D066}.Release|x86.Build.0 = Release|Any CPU
		{10F1A0C8-55DD-45BF-ACFE-9E001D48309C}.Debug|Any CPU.ActiveCfg = Debug|Any CPU
		{10F1A0C8-55DD-45BF-ACFE-9E001D48309C}.Debug|Any CPU.Build.0 = Debug|Any CPU
		{10F1A0C8-55DD-45BF-ACFE-9E001D48309C}.Debug|ARM.ActiveCfg = Debug|Any CPU
		{10F1A0C8-55DD-45BF-ACFE-9E001D48309C}.Debug|ARM.Build.0 = Debug|Any CPU
		{10F1A0C8-55DD-45BF-ACFE-9E001D48309C}.Debug|arm64.ActiveCfg = Debug|Any CPU
		{10F1A0C8-55DD-45BF-ACFE-9E001D48309C}.Debug|arm64.Build.0 = Debug|Any CPU
		{10F1A0C8-55DD-45BF-ACFE-9E001D48309C}.Debug|x64.ActiveCfg = Debug|Any CPU
		{10F1A0C8-55DD-45BF-ACFE-9E001D48309C}.Debug|x64.Build.0 = Debug|Any CPU
		{10F1A0C8-55DD-45BF-ACFE-9E001D48309C}.Debug|x86.ActiveCfg = Debug|Any CPU
		{10F1A0C8-55DD-45BF-ACFE-9E001D48309C}.Debug|x86.Build.0 = Debug|Any CPU
		{10F1A0C8-55DD-45BF-ACFE-9E001D48309C}.Release|Any CPU.ActiveCfg = Release|Any CPU
		{10F1A0C8-55DD-45BF-ACFE-9E001D48309C}.Release|Any CPU.Build.0 = Release|Any CPU
		{10F1A0C8-55DD-45BF-ACFE-9E001D48309C}.Release|ARM.ActiveCfg = Release|Any CPU
		{10F1A0C8-55DD-45BF-ACFE-9E001D48309C}.Release|ARM.Build.0 = Release|Any CPU
		{10F1A0C8-55DD-45BF-ACFE-9E001D48309C}.Release|arm64.ActiveCfg = Release|Any CPU
		{10F1A0C8-55DD-45BF-ACFE-9E001D48309C}.Release|arm64.Build.0 = Release|Any CPU
		{10F1A0C8-55DD-45BF-ACFE-9E001D48309C}.Release|x64.ActiveCfg = Release|Any CPU
		{10F1A0C8-55DD-45BF-ACFE-9E001D48309C}.Release|x64.Build.0 = Release|Any CPU
		{10F1A0C8-55DD-45BF-ACFE-9E001D48309C}.Release|x86.ActiveCfg = Release|Any CPU
		{10F1A0C8-55DD-45BF-ACFE-9E001D48309C}.Release|x86.Build.0 = Release|Any CPU
		{27ABE521-6616-4814-9E29-67DA85799E49}.Debug|Any CPU.ActiveCfg = Debug|Any CPU
		{27ABE521-6616-4814-9E29-67DA85799E49}.Debug|Any CPU.Build.0 = Debug|Any CPU
		{27ABE521-6616-4814-9E29-67DA85799E49}.Debug|ARM.ActiveCfg = Debug|Any CPU
		{27ABE521-6616-4814-9E29-67DA85799E49}.Debug|ARM.Build.0 = Debug|Any CPU
		{27ABE521-6616-4814-9E29-67DA85799E49}.Debug|arm64.ActiveCfg = Debug|Any CPU
		{27ABE521-6616-4814-9E29-67DA85799E49}.Debug|arm64.Build.0 = Debug|Any CPU
		{27ABE521-6616-4814-9E29-67DA85799E49}.Debug|x64.ActiveCfg = Debug|Any CPU
		{27ABE521-6616-4814-9E29-67DA85799E49}.Debug|x64.Build.0 = Debug|Any CPU
		{27ABE521-6616-4814-9E29-67DA85799E49}.Debug|x86.ActiveCfg = Debug|Any CPU
		{27ABE521-6616-4814-9E29-67DA85799E49}.Debug|x86.Build.0 = Debug|Any CPU
		{27ABE521-6616-4814-9E29-67DA85799E49}.Release|Any CPU.ActiveCfg = Release|Any CPU
		{27ABE521-6616-4814-9E29-67DA85799E49}.Release|Any CPU.Build.0 = Release|Any CPU
		{27ABE521-6616-4814-9E29-67DA85799E49}.Release|ARM.ActiveCfg = Release|Any CPU
		{27ABE521-6616-4814-9E29-67DA85799E49}.Release|ARM.Build.0 = Release|Any CPU
		{27ABE521-6616-4814-9E29-67DA85799E49}.Release|arm64.ActiveCfg = Release|Any CPU
		{27ABE521-6616-4814-9E29-67DA85799E49}.Release|arm64.Build.0 = Release|Any CPU
		{27ABE521-6616-4814-9E29-67DA85799E49}.Release|x64.ActiveCfg = Release|Any CPU
		{27ABE521-6616-4814-9E29-67DA85799E49}.Release|x64.Build.0 = Release|Any CPU
		{27ABE521-6616-4814-9E29-67DA85799E49}.Release|x86.ActiveCfg = Release|Any CPU
		{27ABE521-6616-4814-9E29-67DA85799E49}.Release|x86.Build.0 = Release|Any CPU
	EndGlobalSection
	GlobalSection(SolutionProperties) = preSolution
		HideSolutionNode = FALSE
	EndGlobalSection
	GlobalSection(NestedProjects) = preSolution
		{E8004D89-58FA-49E5-9D2A-3488B4E03193} = {D503550D-124B-405F-9E42-67B71A70D25C}
		{9C440159-51A3-4AD9-8A27-D0731DA8B293} = {D503550D-124B-405F-9E42-67B71A70D25C}
		{D780394C-081F-4CF7-9B06-8B71BD7765CA} = {58451BF8-84A0-4181-8A9A-740C349F4D33}
		{52F09441-4231-4C49-BC9A-78209B3488EA} = {9042E558-9421-4C7F-BC64-60D790F2F76F}
		{58451BF8-84A0-4181-8A9A-740C349F4D33} = {D503550D-124B-405F-9E42-67B71A70D25C}
		{9042E558-9421-4C7F-BC64-60D790F2F76F} = {D503550D-124B-405F-9E42-67B71A70D25C}
		{049F396A-CC55-4771-BE9A-98722CD68C0D} = {D503550D-124B-405F-9E42-67B71A70D25C}
		{ED332A12-A0B6-4178-8B14-99BA38F8DE5A} = {D503550D-124B-405F-9E42-67B71A70D25C}
		{D2EC55AD-D7EF-4BA8-9F2D-23F1F13D255D} = {732A3A76-7A59-492B-9D68-9EC3EB78A9D1}
		{D1C0A723-C8F9-4D74-BDD7-08518AEA284E} = {6194F331-3014-469F-A005-49722C9D729B}
		{35B19319-1F42-4BCC-BF4E-94E82840E257} = {D503550D-124B-405F-9E42-67B71A70D25C}
		{6194F331-3014-469F-A005-49722C9D729B} = {D503550D-124B-405F-9E42-67B71A70D25C}
		{08FA7A29-8AAF-4348-BBEA-70E26D299B72} = {6194F331-3014-469F-A005-49722C9D729B}
		{FF95E40C-2806-4525-A8BD-A6BEF17F4843} = {732A3A76-7A59-492B-9D68-9EC3EB78A9D1}
		{B261FBC3-84F2-429B-B7EC-9262500C419C} = {049F396A-CC55-4771-BE9A-98722CD68C0D}
		{021B34A9-BAEA-46B4-AA7F-FBFBA0763989} = {9042E558-9421-4C7F-BC64-60D790F2F76F}
		{2F53DE03-921F-41AB-AD10-1326F7D7D066} = {049F396A-CC55-4771-BE9A-98722CD68C0D}
		{10F1A0C8-55DD-45BF-ACFE-9E001D48309C} = {9042E558-9421-4C7F-BC64-60D790F2F76F}
		{27ABE521-6616-4814-9E29-67DA85799E49} = {732A3A76-7A59-492B-9D68-9EC3EB78A9D1}
	EndGlobalSection
	GlobalSection(ExtensibilityGlobals) = postSolution
		SolutionGuid = {01DB9D0B-C613-4672-8F9B-EA8BD32619B2}
	EndGlobalSection
EndGlobal
