
Microsoft Visual Studio Solution File, Format Version 12.00
# Visual Studio Version 16
VisualStudioVersion = 16.0.31129.286
MinimumVisualStudioVersion = 10.0.40219.1
Project("{9A19103F-16F7-4668-BE54-9A1E7A4F7556}") = "App.Api", "App.Api\App.Api.csproj", "{5074A9B9-717D-4D3B-BBB9-7CB6D3569438}"
EndProject
Project("{9A19103F-16F7-4668-BE54-9A1E7A4F7556}") = "Core.Entity", "Core.Entity\Core.Entity.csproj", "{DE58F35F-715B-4476-9258-F2DD02964240}"
EndProject
Project("{9A19103F-16F7-4668-BE54-9A1E7A4F7556}") = "Core.Services", "Core.Services\Core.Services.csproj", "{05A195DE-CCA5-4D63-A46F-2DE1AEE4F3F2}"
EndProject
Project("{FAE04EC0-301F-11D3-BF4B-00C04F79EFBC}") = "Data.Context", "Data.Context\Data.Context.csproj", "{72CAA575-481B-4DD6-81F7-6B6143BF6EFC}"
EndProject
Global
	GlobalSection(SolutionConfigurationPlatforms) = preSolution
		Debug|Any CPU = Debug|Any CPU
		Release|Any CPU = Release|Any CPU
	EndGlobalSection
	GlobalSection(ProjectConfigurationPlatforms) = postSolution
		{5074A9B9-717D-4D3B-BBB9-7CB6D3569438}.Debug|Any CPU.ActiveCfg = Debug|Any CPU
		{5074A9B9-717D-4D3B-BBB9-7CB6D3569438}.Debug|Any CPU.Build.0 = Debug|Any CPU
		{5074A9B9-717D-4D3B-BBB9-7CB6D3569438}.Release|Any CPU.ActiveCfg = Release|Any CPU
		{5074A9B9-717D-4D3B-BBB9-7CB6D3569438}.Release|Any CPU.Build.0 = Release|Any CPU
		{DE58F35F-715B-4476-9258-F2DD02964240}.Debug|Any CPU.ActiveCfg = Debug|Any CPU
		{DE58F35F-715B-4476-9258-F2DD02964240}.Debug|Any CPU.Build.0 = Debug|Any CPU
		{DE58F35F-715B-4476-9258-F2DD02964240}.Release|Any CPU.ActiveCfg = Release|Any CPU
		{DE58F35F-715B-4476-9258-F2DD02964240}.Release|Any CPU.Build.0 = Release|Any CPU
		{05A195DE-CCA5-4D63-A46F-2DE1AEE4F3F2}.Debug|Any CPU.ActiveCfg = Debug|Any CPU
		{05A195DE-CCA5-4D63-A46F-2DE1AEE4F3F2}.Debug|Any CPU.Build.0 = Debug|Any CPU
		{05A195DE-CCA5-4D63-A46F-2DE1AEE4F3F2}.Release|Any CPU.ActiveCfg = Release|Any CPU
		{05A195DE-CCA5-4D63-A46F-2DE1AEE4F3F2}.Release|Any CPU.Build.0 = Release|Any CPU
		{72CAA575-481B-4DD6-81F7-6B6143BF6EFC}.Debug|Any CPU.ActiveCfg = Debug|Any CPU
		{72CAA575-481B-4DD6-81F7-6B6143BF6EFC}.Debug|Any CPU.Build.0 = Debug|Any CPU
		{72CAA575-481B-4DD6-81F7-6B6143BF6EFC}.Release|Any CPU.ActiveCfg = Release|Any CPU
		{72CAA575-481B-4DD6-81F7-6B6143BF6EFC}.Release|Any CPU.Build.0 = Release|Any CPU
	EndGlobalSection
	GlobalSection(SolutionProperties) = preSolution
		HideSolutionNode = FALSE
	EndGlobalSection
	GlobalSection(ExtensibilityGlobals) = postSolution
		SolutionGuid = {7E8F8C66-F923-4223-A581-7F8669B9C1F9}
	EndGlobalSection
EndGlobal
