
Microsoft Visual Studio Solution File, Format Version 12.00
# Visual Studio Version 16
VisualStudioVersion = 16.0.30503.244
MinimumVisualStudioVersion = 15.0.26124.0
Project("{2150E333-8FDC-42A3-9474-1A3956D46DE8}") = "src", "src", "{76F681AC-D00C-4CA2-B58D-D540476982AE}"
EndProject
Project("{9A19103F-16F7-4668-BE54-9A1E7A4F7556}") = "App.Api", "src\App.Api\App.Api.csproj", "{E8004D89-58FA-49E5-9D2A-3488B4E03193}"
EndProject
Project("{9A19103F-16F7-4668-BE54-9A1E7A4F7556}") = "Core.Entity", "src\Core.Entity\Core.Entity.csproj", "{62F57E49-9C21-4B11-8F77-39EB9249F3E9}"
EndProject
Project("{9A19103F-16F7-4668-BE54-9A1E7A4F7556}") = "Core.Services", "src\Core.Services\Core.Services.csproj", "{625AB041-8911-4239-A409-442FAEC79BF4}"
EndProject
Project("{9A19103F-16F7-4668-BE54-9A1E7A4F7556}") = "Data.Context", "src\Data.Context\Data.Context.csproj", "{D60E8F48-F2E5-46D4-B016-B3EDC6DF0009}"
EndProject
Project("{2150E333-8FDC-42A3-9474-1A3956D46DE8}") = "clients", "clients", "{0784B341-71CB-413A-84BA-E4CF5CAF3C9C}"
EndProject
Project("{2150E333-8FDC-42A3-9474-1A3956D46DE8}") = "webapp", "webapp", "{E8BA3015-652C-49CF-9028-981402D5085B}"
EndProject
Project("{9A19103F-16F7-4668-BE54-9A1E7A4F7556}") = "Service.Identity", "src\Service.Identity\Service.Identity.csproj", "{A242AFDE-1C22-462E-A2F8-9ABFAEC607D5}"
EndProject
Project("{9A19103F-16F7-4668-BE54-9A1E7A4F7556}") = "Share", "src\Share\Share.csproj", "{9C440159-51A3-4AD9-8A27-D0731DA8B293}"
EndProject
Global
	GlobalSection(SolutionConfigurationPlatforms) = preSolution
		Debug|Any CPU = Debug|Any CPU
		Debug|x64 = Debug|x64
		Debug|x86 = Debug|x86
		Release|Any CPU = Release|Any CPU
		Release|x64 = Release|x64
		Release|x86 = Release|x86
	EndGlobalSection
	GlobalSection(ProjectConfigurationPlatforms) = postSolution
		{E8004D89-58FA-49E5-9D2A-3488B4E03193}.Debug|Any CPU.ActiveCfg = Debug|Any CPU
		{E8004D89-58FA-49E5-9D2A-3488B4E03193}.Debug|Any CPU.Build.0 = Debug|Any CPU
		{E8004D89-58FA-49E5-9D2A-3488B4E03193}.Debug|x64.ActiveCfg = Debug|Any CPU
		{E8004D89-58FA-49E5-9D2A-3488B4E03193}.Debug|x64.Build.0 = Debug|Any CPU
		{E8004D89-58FA-49E5-9D2A-3488B4E03193}.Debug|x86.ActiveCfg = Debug|Any CPU
		{E8004D89-58FA-49E5-9D2A-3488B4E03193}.Debug|x86.Build.0 = Debug|Any CPU
		{E8004D89-58FA-49E5-9D2A-3488B4E03193}.Release|Any CPU.ActiveCfg = Release|Any CPU
		{E8004D89-58FA-49E5-9D2A-3488B4E03193}.Release|Any CPU.Build.0 = Release|Any CPU
		{E8004D89-58FA-49E5-9D2A-3488B4E03193}.Release|x64.ActiveCfg = Release|Any CPU
		{E8004D89-58FA-49E5-9D2A-3488B4E03193}.Release|x64.Build.0 = Release|Any CPU
		{E8004D89-58FA-49E5-9D2A-3488B4E03193}.Release|x86.ActiveCfg = Release|Any CPU
		{E8004D89-58FA-49E5-9D2A-3488B4E03193}.Release|x86.Build.0 = Release|Any CPU
		{62F57E49-9C21-4B11-8F77-39EB9249F3E9}.Debug|Any CPU.ActiveCfg = Debug|Any CPU
		{62F57E49-9C21-4B11-8F77-39EB9249F3E9}.Debug|Any CPU.Build.0 = Debug|Any CPU
		{62F57E49-9C21-4B11-8F77-39EB9249F3E9}.Debug|x64.ActiveCfg = Debug|Any CPU
		{62F57E49-9C21-4B11-8F77-39EB9249F3E9}.Debug|x64.Build.0 = Debug|Any CPU
		{62F57E49-9C21-4B11-8F77-39EB9249F3E9}.Debug|x86.ActiveCfg = Debug|Any CPU
		{62F57E49-9C21-4B11-8F77-39EB9249F3E9}.Debug|x86.Build.0 = Debug|Any CPU
		{62F57E49-9C21-4B11-8F77-39EB9249F3E9}.Release|Any CPU.ActiveCfg = Release|Any CPU
		{62F57E49-9C21-4B11-8F77-39EB9249F3E9}.Release|Any CPU.Build.0 = Release|Any CPU
		{62F57E49-9C21-4B11-8F77-39EB9249F3E9}.Release|x64.ActiveCfg = Release|Any CPU
		{62F57E49-9C21-4B11-8F77-39EB9249F3E9}.Release|x64.Build.0 = Release|Any CPU
		{62F57E49-9C21-4B11-8F77-39EB9249F3E9}.Release|x86.ActiveCfg = Release|Any CPU
		{62F57E49-9C21-4B11-8F77-39EB9249F3E9}.Release|x86.Build.0 = Release|Any CPU
		{625AB041-8911-4239-A409-442FAEC79BF4}.Debug|Any CPU.ActiveCfg = Debug|Any CPU
		{625AB041-8911-4239-A409-442FAEC79BF4}.Debug|Any CPU.Build.0 = Debug|Any CPU
		{625AB041-8911-4239-A409-442FAEC79BF4}.Debug|x64.ActiveCfg = Debug|Any CPU
		{625AB041-8911-4239-A409-442FAEC79BF4}.Debug|x64.Build.0 = Debug|Any CPU
		{625AB041-8911-4239-A409-442FAEC79BF4}.Debug|x86.ActiveCfg = Debug|Any CPU
		{625AB041-8911-4239-A409-442FAEC79BF4}.Debug|x86.Build.0 = Debug|Any CPU
		{625AB041-8911-4239-A409-442FAEC79BF4}.Release|Any CPU.ActiveCfg = Release|Any CPU
		{625AB041-8911-4239-A409-442FAEC79BF4}.Release|Any CPU.Build.0 = Release|Any CPU
		{625AB041-8911-4239-A409-442FAEC79BF4}.Release|x64.ActiveCfg = Release|Any CPU
		{625AB041-8911-4239-A409-442FAEC79BF4}.Release|x64.Build.0 = Release|Any CPU
		{625AB041-8911-4239-A409-442FAEC79BF4}.Release|x86.ActiveCfg = Release|Any CPU
		{625AB041-8911-4239-A409-442FAEC79BF4}.Release|x86.Build.0 = Release|Any CPU
		{D60E8F48-F2E5-46D4-B016-B3EDC6DF0009}.Debug|Any CPU.ActiveCfg = Debug|Any CPU
		{D60E8F48-F2E5-46D4-B016-B3EDC6DF0009}.Debug|Any CPU.Build.0 = Debug|Any CPU
		{D60E8F48-F2E5-46D4-B016-B3EDC6DF0009}.Debug|x64.ActiveCfg = Debug|Any CPU
		{D60E8F48-F2E5-46D4-B016-B3EDC6DF0009}.Debug|x64.Build.0 = Debug|Any CPU
		{D60E8F48-F2E5-46D4-B016-B3EDC6DF0009}.Debug|x86.ActiveCfg = Debug|Any CPU
		{D60E8F48-F2E5-46D4-B016-B3EDC6DF0009}.Debug|x86.Build.0 = Debug|Any CPU
		{D60E8F48-F2E5-46D4-B016-B3EDC6DF0009}.Release|Any CPU.ActiveCfg = Release|Any CPU
		{D60E8F48-F2E5-46D4-B016-B3EDC6DF0009}.Release|Any CPU.Build.0 = Release|Any CPU
		{D60E8F48-F2E5-46D4-B016-B3EDC6DF0009}.Release|x64.ActiveCfg = Release|Any CPU
		{D60E8F48-F2E5-46D4-B016-B3EDC6DF0009}.Release|x64.Build.0 = Release|Any CPU
		{D60E8F48-F2E5-46D4-B016-B3EDC6DF0009}.Release|x86.ActiveCfg = Release|Any CPU
		{D60E8F48-F2E5-46D4-B016-B3EDC6DF0009}.Release|x86.Build.0 = Release|Any CPU
		{A242AFDE-1C22-462E-A2F8-9ABFAEC607D5}.Debug|Any CPU.ActiveCfg = Debug|Any CPU
		{A242AFDE-1C22-462E-A2F8-9ABFAEC607D5}.Debug|Any CPU.Build.0 = Debug|Any CPU
		{A242AFDE-1C22-462E-A2F8-9ABFAEC607D5}.Debug|x64.ActiveCfg = Debug|Any CPU
		{A242AFDE-1C22-462E-A2F8-9ABFAEC607D5}.Debug|x64.Build.0 = Debug|Any CPU
		{A242AFDE-1C22-462E-A2F8-9ABFAEC607D5}.Debug|x86.ActiveCfg = Debug|Any CPU
		{A242AFDE-1C22-462E-A2F8-9ABFAEC607D5}.Debug|x86.Build.0 = Debug|Any CPU
		{A242AFDE-1C22-462E-A2F8-9ABFAEC607D5}.Release|Any CPU.ActiveCfg = Release|Any CPU
		{A242AFDE-1C22-462E-A2F8-9ABFAEC607D5}.Release|Any CPU.Build.0 = Release|Any CPU
		{A242AFDE-1C22-462E-A2F8-9ABFAEC607D5}.Release|x64.ActiveCfg = Release|Any CPU
		{A242AFDE-1C22-462E-A2F8-9ABFAEC607D5}.Release|x64.Build.0 = Release|Any CPU
		{A242AFDE-1C22-462E-A2F8-9ABFAEC607D5}.Release|x86.ActiveCfg = Release|Any CPU
		{A242AFDE-1C22-462E-A2F8-9ABFAEC607D5}.Release|x86.Build.0 = Release|Any CPU
		{9C440159-51A3-4AD9-8A27-D0731DA8B293}.Debug|Any CPU.ActiveCfg = Debug|Any CPU
		{9C440159-51A3-4AD9-8A27-D0731DA8B293}.Debug|Any CPU.Build.0 = Debug|Any CPU
		{9C440159-51A3-4AD9-8A27-D0731DA8B293}.Debug|x64.ActiveCfg = Debug|Any CPU
		{9C440159-51A3-4AD9-8A27-D0731DA8B293}.Debug|x64.Build.0 = Debug|Any CPU
		{9C440159-51A3-4AD9-8A27-D0731DA8B293}.Debug|x86.ActiveCfg = Debug|Any CPU
		{9C440159-51A3-4AD9-8A27-D0731DA8B293}.Debug|x86.Build.0 = Debug|Any CPU
		{9C440159-51A3-4AD9-8A27-D0731DA8B293}.Release|Any CPU.ActiveCfg = Release|Any CPU
		{9C440159-51A3-4AD9-8A27-D0731DA8B293}.Release|Any CPU.Build.0 = Release|Any CPU
		{9C440159-51A3-4AD9-8A27-D0731DA8B293}.Release|x64.ActiveCfg = Release|Any CPU
		{9C440159-51A3-4AD9-8A27-D0731DA8B293}.Release|x64.Build.0 = Release|Any CPU
		{9C440159-51A3-4AD9-8A27-D0731DA8B293}.Release|x86.ActiveCfg = Release|Any CPU
		{9C440159-51A3-4AD9-8A27-D0731DA8B293}.Release|x86.Build.0 = Release|Any CPU
	EndGlobalSection
	GlobalSection(SolutionProperties) = preSolution
		HideSolutionNode = FALSE
	EndGlobalSection
	GlobalSection(NestedProjects) = preSolution
		{E8004D89-58FA-49E5-9D2A-3488B4E03193} = {76F681AC-D00C-4CA2-B58D-D540476982AE}
		{62F57E49-9C21-4B11-8F77-39EB9249F3E9} = {76F681AC-D00C-4CA2-B58D-D540476982AE}
		{625AB041-8911-4239-A409-442FAEC79BF4} = {76F681AC-D00C-4CA2-B58D-D540476982AE}
		{D60E8F48-F2E5-46D4-B016-B3EDC6DF0009} = {76F681AC-D00C-4CA2-B58D-D540476982AE}
		{E8BA3015-652C-49CF-9028-981402D5085B} = {0784B341-71CB-413A-84BA-E4CF5CAF3C9C}
		{A242AFDE-1C22-462E-A2F8-9ABFAEC607D5} = {76F681AC-D00C-4CA2-B58D-D540476982AE}
		{9C440159-51A3-4AD9-8A27-D0731DA8B293} = {76F681AC-D00C-4CA2-B58D-D540476982AE}
	EndGlobalSection
	GlobalSection(ExtensibilityGlobals) = postSolution
		SolutionGuid = {01DB9D0B-C613-4672-8F9B-EA8BD32619B2}
	EndGlobalSection
EndGlobal
